
Microsoft Visual Studio Solution File, Format Version 11.00
# Visual Studio 2010
Project("{F184B08F-C81C-45F6-A57F-5ABD9991F28F}") = "S-Bank", "S-Bank\S-Bank.vbproj", "{BFBE027E-FCC2-4EC0-A913-4A7F89298554}"
EndProject
Project("{54435603-DBB4-11D2-8724-00A0C9A8B90C}") = "app S-Bank", "app S-Bank\app S-Bank.vdproj", "{70D3BEAE-1632-44F3-9634-343D2D98D57D}"
EndProject
Global
	GlobalSection(SolutionConfigurationPlatforms) = preSolution
		Debug|x86 = Debug|x86
		Release|x86 = Release|x86
	EndGlobalSection
	GlobalSection(ProjectConfigurationPlatforms) = postSolution
		{BFBE027E-FCC2-4EC0-A913-4A7F89298554}.Debug|x86.ActiveCfg = Debug|x86
		{BFBE027E-FCC2-4EC0-A913-4A7F89298554}.Debug|x86.Build.0 = Debug|x86
		{BFBE027E-FCC2-4EC0-A913-4A7F89298554}.Release|x86.ActiveCfg = Release|x86
		{BFBE027E-FCC2-4EC0-A913-4A7F89298554}.Release|x86.Build.0 = Release|x86
		{70D3BEAE-1632-44F3-9634-343D2D98D57D}.Debug|x86.ActiveCfg = Debug
		{70D3BEAE-1632-44F3-9634-343D2D98D57D}.Release|x86.ActiveCfg = Release
	EndGlobalSection
	GlobalSection(SolutionProperties) = preSolution
		HideSolutionNode = FALSE
	EndGlobalSection
EndGlobal
